
Microsoft Visual Studio Solution File, Format Version 12.00
# Visual Studio Version 17
VisualStudioVersion = 17.0.31903.59
MinimumVisualStudioVersion = 10.0.40219.1
Project("{FAE04EC0-301F-11D3-BF4B-00C04F79EFBC}") = "AgentSharp", "AgentSharp\AgentSharp.csproj", "{FEA6774C-931A-4D36-ACCB-0422C7E49C6C}"
EndProject
Project("{FAE04EC0-301F-11D3-BF4B-00C04F79EFBC}") = "AgentSharp.console", "AgentSharp.console\AgentSharp.console.csproj", "{C21466B0-B7CE-4288-9DAE-2128596DE32B}"
EndProject
Project("{FAE04EC0-301F-11D3-BF4B-00C04F79EFBC}") = "AgentSharp.Tests", "Agents.Tests\AgentSharp.Tests.csproj", "{E77C8DB7-9949-469E-A658-0692D73CEED7}"
EndProject
Global
	GlobalSection(SolutionConfigurationPlatforms) = preSolution
		Debug|Any CPU = Debug|Any CPU
		Debug|x64 = Debug|x64
		Debug|x86 = Debug|x86
		Release|Any CPU = Release|Any CPU
		Release|x64 = Release|x64
		Release|x86 = Release|x86
	EndGlobalSection
	GlobalSection(ProjectConfigurationPlatforms) = postSolution
		{FEA6774C-931A-4D36-ACCB-0422C7E49C6C}.Debug|Any CPU.ActiveCfg = Debug|Any CPU
		{FEA6774C-931A-4D36-ACCB-0422C7E49C6C}.Debug|Any CPU.Build.0 = Debug|Any CPU
		{FEA6774C-931A-4D36-ACCB-0422C7E49C6C}.Debug|x64.ActiveCfg = Debug|Any CPU
		{FEA6774C-931A-4D36-ACCB-0422C7E49C6C}.Debug|x64.Build.0 = Debug|Any CPU
		{FEA6774C-931A-4D36-ACCB-0422C7E49C6C}.Debug|x86.ActiveCfg = Debug|Any CPU
		{FEA6774C-931A-4D36-ACCB-0422C7E49C6C}.Debug|x86.Build.0 = Debug|Any CPU
		{FEA6774C-931A-4D36-ACCB-0422C7E49C6C}.Release|Any CPU.ActiveCfg = Release|Any CPU
		{FEA6774C-931A-4D36-ACCB-0422C7E49C6C}.Release|Any CPU.Build.0 = Release|Any CPU
		{FEA6774C-931A-4D36-ACCB-0422C7E49C6C}.Release|x64.ActiveCfg = Release|Any CPU
		{FEA6774C-931A-4D36-ACCB-0422C7E49C6C}.Release|x64.Build.0 = Release|Any CPU
		{FEA6774C-931A-4D36-ACCB-0422C7E49C6C}.Release|x86.ActiveCfg = Release|Any CPU
		{FEA6774C-931A-4D36-ACCB-0422C7E49C6C}.Release|x86.Build.0 = Release|Any CPU
		{C21466B0-B7CE-4288-9DAE-2128596DE32B}.Debug|Any CPU.ActiveCfg = Debug|Any CPU
		{C21466B0-B7CE-4288-9DAE-2128596DE32B}.Debug|Any CPU.Build.0 = Debug|Any CPU
		{C21466B0-B7CE-4288-9DAE-2128596DE32B}.Debug|x64.ActiveCfg = Debug|Any CPU
		{C21466B0-B7CE-4288-9DAE-2128596DE32B}.Debug|x64.Build.0 = Debug|Any CPU
		{C21466B0-B7CE-4288-9DAE-2128596DE32B}.Debug|x86.ActiveCfg = Debug|Any CPU
		{C21466B0-B7CE-4288-9DAE-2128596DE32B}.Debug|x86.Build.0 = Debug|Any CPU
		{C21466B0-B7CE-4288-9DAE-2128596DE32B}.Release|Any CPU.ActiveCfg = Release|Any CPU
		{C21466B0-B7CE-4288-9DAE-2128596DE32B}.Release|Any CPU.Build.0 = Release|Any CPU
		{C21466B0-B7CE-4288-9DAE-2128596DE32B}.Release|x64.ActiveCfg = Release|Any CPU
		{C21466B0-B7CE-4288-9DAE-2128596DE32B}.Release|x64.Build.0 = Release|Any CPU
		{C21466B0-B7CE-4288-9DAE-2128596DE32B}.Release|x86.ActiveCfg = Release|Any CPU
		{C21466B0-B7CE-4288-9DAE-2128596DE32B}.Release|x86.Build.0 = Release|Any CPU
		{E77C8DB7-9949-469E-A658-0692D73CEED7}.Debug|Any CPU.ActiveCfg = Debug|Any CPU
		{E77C8DB7-9949-469E-A658-0692D73CEED7}.Debug|Any CPU.Build.0 = Debug|Any CPU
		{E77C8DB7-9949-469E-A658-0692D73CEED7}.Debug|x64.ActiveCfg = Debug|Any CPU
		{E77C8DB7-9949-469E-A658-0692D73CEED7}.Debug|x64.Build.0 = Debug|Any CPU
		{E77C8DB7-9949-469E-A658-0692D73CEED7}.Debug|x86.ActiveCfg = Debug|Any CPU
		{E77C8DB7-9949-469E-A658-0692D73CEED7}.Debug|x86.Build.0 = Debug|Any CPU
		{E77C8DB7-9949-469E-A658-0692D73CEED7}.Release|Any CPU.ActiveCfg = Release|Any CPU
		{E77C8DB7-9949-469E-A658-0692D73CEED7}.Release|Any CPU.Build.0 = Release|Any CPU
		{E77C8DB7-9949-469E-A658-0692D73CEED7}.Release|x64.ActiveCfg = Release|Any CPU
		{E77C8DB7-9949-469E-A658-0692D73CEED7}.Release|x64.Build.0 = Release|Any CPU
		{E77C8DB7-9949-469E-A658-0692D73CEED7}.Release|x86.ActiveCfg = Release|Any CPU
		{E77C8DB7-9949-469E-A658-0692D73CEED7}.Release|x86.Build.0 = Release|Any CPU
	EndGlobalSection
	GlobalSection(SolutionProperties) = preSolution
		HideSolutionNode = FALSE
	EndGlobalSection
EndGlobal
