
Microsoft Visual Studio Solution File, Format Version 12.00
# Visual Studio Version 17
VisualStudioVersion = 17.0.31903.59
MinimumVisualStudioVersion = 10.0.40219.1
Project("{FAE04EC0-301F-11D3-BF4B-00C04F79EFBC}") = "AgentSharp", "AgentSharp\AgentSharp.csproj", "{FEA6774C-931A-4D36-ACCB-0422C7E49C6C}"
EndProject
Project("{FAE04EC0-301F-11D3-BF4B-00C04F79EFBC}") = "AgentSharp.console", "AgentSharp.console\AgentSharp.console.csproj", "{C21466B0-B7CE-4288-9DAE-2128596DE32B}"
EndProject
Project("{FAE04EC0-301F-11D3-BF4B-00C04F79EFBC}") = "AgentSharp.Tests", "AgentSharp.Tests\AgentSharp.Tests.csproj", "{E77C8DB7-9949-469E-A658-0692D73CEED7}"
EndProject
Project("{FAE04EC0-301F-11D3-BF4B-00C04F79EFBC}") = "HNSW.Net", "ThirdParty\HNSW.Net\Src\HNSW.Net\HNSW.Net.csproj", "{A1B2C3D4-E5F6-7890-A1B2-C3D4E5F67890}"
EndProject
Project("{FAE04EC0-301F-11D3-BF4B-00C04F79EFBC}") = "AgentSharp.Providers.OpenAI", "AgentSharp.Providers.OpenAI\AgentSharp.Providers.OpenAI.csproj", "{B1C2D3E4-F5G6-7890-B1C2-D3E4F5G67890}"
EndProject
Project("{FAE04EC0-301F-11D3-BF4B-00C04F79EFBC}") = "AgentSharp.Providers.Ollama", "AgentSharp.Providers.Ollama\AgentSharp.Providers.Ollama.csproj", "{C2D3E4F5-G6H7-8901-C2D3-E4F5G6H78901}"
EndProject
Project("{FAE04EC0-301F-11D3-BF4B-00C04F79EFBC}") = "AgentSharp.Storage.SQLite", "AgentSharp.Storage.SQLite\AgentSharp.Storage.SQLite.csproj", "{D3E4F5G6-H7I8-9012-D3E4-F5G6H7I89012}"
EndProject
Project("{FAE04EC0-301F-11D3-BF4B-00C04F79EFBC}") = "AgentSharp.Storage.Memory", "AgentSharp.Storage.Memory\AgentSharp.Storage.Memory.csproj", "{E4F5G6H7-I8J9-0123-E4F5-G6H7I8J90123}"
EndProject
Global
	GlobalSection(SolutionConfigurationPlatforms) = preSolution
		Debug|Any CPU = Debug|Any CPU
		Debug|x64 = Debug|x64
		Debug|x86 = Debug|x86
		Release|Any CPU = Release|Any CPU
		Release|x64 = Release|x64
		Release|x86 = Release|x86
	EndGlobalSection
	GlobalSection(ProjectConfigurationPlatforms) = postSolution
		{FEA6774C-931A-4D36-ACCB-0422C7E49C6C}.Debug|Any CPU.ActiveCfg = Debug|Any CPU
		{FEA6774C-931A-4D36-ACCB-0422C7E49C6C}.Debug|Any CPU.Build.0 = Debug|Any CPU
		{FEA6774C-931A-4D36-ACCB-0422C7E49C6C}.Debug|x64.ActiveCfg = Debug|Any CPU
		{FEA6774C-931A-4D36-ACCB-0422C7E49C6C}.Debug|x64.Build.0 = Debug|Any CPU
		{FEA6774C-931A-4D36-ACCB-0422C7E49C6C}.Debug|x86.ActiveCfg = Debug|Any CPU
		{FEA6774C-931A-4D36-ACCB-0422C7E49C6C}.Debug|x86.Build.0 = Debug|Any CPU
		{FEA6774C-931A-4D36-ACCB-0422C7E49C6C}.Release|Any CPU.ActiveCfg = Release|Any CPU
		{FEA6774C-931A-4D36-ACCB-0422C7E49C6C}.Release|Any CPU.Build.0 = Release|Any CPU
		{FEA6774C-931A-4D36-ACCB-0422C7E49C6C}.Release|x64.ActiveCfg = Release|Any CPU
		{FEA6774C-931A-4D36-ACCB-0422C7E49C6C}.Release|x64.Build.0 = Release|Any CPU
		{FEA6774C-931A-4D36-ACCB-0422C7E49C6C}.Release|x86.ActiveCfg = Release|Any CPU
		{FEA6774C-931A-4D36-ACCB-0422C7E49C6C}.Release|x86.Build.0 = Release|Any CPU
		{C21466B0-B7CE-4288-9DAE-2128596DE32B}.Debug|Any CPU.ActiveCfg = Debug|Any CPU
		{C21466B0-B7CE-4288-9DAE-2128596DE32B}.Debug|Any CPU.Build.0 = Debug|Any CPU
		{C21466B0-B7CE-4288-9DAE-2128596DE32B}.Debug|x64.ActiveCfg = Debug|Any CPU
		{C21466B0-B7CE-4288-9DAE-2128596DE32B}.Debug|x64.Build.0 = Debug|Any CPU
		{C21466B0-B7CE-4288-9DAE-2128596DE32B}.Debug|x86.ActiveCfg = Debug|Any CPU
		{C21466B0-B7CE-4288-9DAE-2128596DE32B}.Debug|x86.Build.0 = Debug|Any CPU
		{C21466B0-B7CE-4288-9DAE-2128596DE32B}.Release|Any CPU.ActiveCfg = Release|Any CPU
		{C21466B0-B7CE-4288-9DAE-2128596DE32B}.Release|Any CPU.Build.0 = Release|Any CPU
		{C21466B0-B7CE-4288-9DAE-2128596DE32B}.Release|x64.ActiveCfg = Release|Any CPU
		{C21466B0-B7CE-4288-9DAE-2128596DE32B}.Release|x64.Build.0 = Release|Any CPU
		{C21466B0-B7CE-4288-9DAE-2128596DE32B}.Release|x86.ActiveCfg = Release|Any CPU
		{C21466B0-B7CE-4288-9DAE-2128596DE32B}.Release|x86.Build.0 = Release|Any CPU
		{E77C8DB7-9949-469E-A658-0692D73CEED7}.Debug|Any CPU.ActiveCfg = Debug|Any CPU
		{E77C8DB7-9949-469E-A658-0692D73CEED7}.Debug|Any CPU.Build.0 = Debug|Any CPU
		{E77C8DB7-9949-469E-A658-0692D73CEED7}.Debug|x64.ActiveCfg = Debug|Any CPU
		{E77C8DB7-9949-469E-A658-0692D73CEED7}.Debug|x64.Build.0 = Debug|Any CPU
		{E77C8DB7-9949-469E-A658-0692D73CEED7}.Debug|x86.ActiveCfg = Debug|Any CPU
		{E77C8DB7-9949-469E-A658-0692D73CEED7}.Debug|x86.Build.0 = Debug|Any CPU
		{E77C8DB7-9949-469E-A658-0692D73CEED7}.Release|Any CPU.ActiveCfg = Release|Any CPU
		{E77C8DB7-9949-469E-A658-0692D73CEED7}.Release|Any CPU.Build.0 = Release|Any CPU
		{E77C8DB7-9949-469E-A658-0692D73CEED7}.Release|x64.ActiveCfg = Release|Any CPU
		{E77C8DB7-9949-469E-A658-0692D73CEED7}.Release|x64.Build.0 = Release|Any CPU
		{E77C8DB7-9949-469E-A658-0692D73CEED7}.Release|x86.ActiveCfg = Release|Any CPU
		{E77C8DB7-9949-469E-A658-0692D73CEED7}.Release|x86.Build.0 = Release|Any CPU
		{A1B2C3D4-E5F6-7890-A1B2-C3D4E5F67890}.Debug|Any CPU.ActiveCfg = Debug|Any CPU
		{A1B2C3D4-E5F6-7890-A1B2-C3D4E5F67890}.Debug|Any CPU.Build.0 = Debug|Any CPU
		{A1B2C3D4-E5F6-7890-A1B2-C3D4E5F67890}.Debug|x64.ActiveCfg = Debug|Any CPU
		{A1B2C3D4-E5F6-7890-A1B2-C3D4E5F67890}.Debug|x64.Build.0 = Debug|Any CPU
		{A1B2C3D4-E5F6-7890-A1B2-C3D4E5F67890}.Debug|x86.ActiveCfg = Debug|Any CPU
		{A1B2C3D4-E5F6-7890-A1B2-C3D4E5F67890}.Debug|x86.Build.0 = Debug|Any CPU
		{A1B2C3D4-E5F6-7890-A1B2-C3D4E5F67890}.Release|Any CPU.ActiveCfg = Release|Any CPU
		{A1B2C3D4-E5F6-7890-A1B2-C3D4E5F67890}.Release|Any CPU.Build.0 = Release|Any CPU
		{A1B2C3D4-E5F6-7890-A1B2-C3D4E5F67890}.Release|x64.ActiveCfg = Release|Any CPU
		{A1B2C3D4-E5F6-7890-A1B2-C3D4E5F67890}.Release|x64.Build.0 = Release|Any CPU
		{A1B2C3D4-E5F6-7890-A1B2-C3D4E5F67890}.Release|x86.ActiveCfg = Release|Any CPU
		{A1B2C3D4-E5F6-7890-A1B2-C3D4E5F67890}.Release|x86.Build.0 = Release|Any CPU
		{B1C2D3E4-F5G6-7890-B1C2-D3E4F5G67890}.Debug|Any CPU.ActiveCfg = Debug|Any CPU
		{B1C2D3E4-F5G6-7890-B1C2-D3E4F5G67890}.Debug|Any CPU.Build.0 = Debug|Any CPU
		{B1C2D3E4-F5G6-7890-B1C2-D3E4F5G67890}.Debug|x64.ActiveCfg = Debug|Any CPU
		{B1C2D3E4-F5G6-7890-B1C2-D3E4F5G67890}.Debug|x64.Build.0 = Debug|Any CPU
		{B1C2D3E4-F5G6-7890-B1C2-D3E4F5G67890}.Debug|x86.ActiveCfg = Debug|Any CPU
		{B1C2D3E4-F5G6-7890-B1C2-D3E4F5G67890}.Debug|x86.Build.0 = Debug|Any CPU
		{B1C2D3E4-F5G6-7890-B1C2-D3E4F5G67890}.Release|Any CPU.ActiveCfg = Release|Any CPU
		{B1C2D3E4-F5G6-7890-B1C2-D3E4F5G67890}.Release|Any CPU.Build.0 = Release|Any CPU
		{B1C2D3E4-F5G6-7890-B1C2-D3E4F5G67890}.Release|x64.ActiveCfg = Release|Any CPU
		{B1C2D3E4-F5G6-7890-B1C2-D3E4F5G67890}.Release|x64.Build.0 = Release|Any CPU
		{B1C2D3E4-F5G6-7890-B1C2-D3E4F5G67890}.Release|x86.ActiveCfg = Release|Any CPU
		{B1C2D3E4-F5G6-7890-B1C2-D3E4F5G67890}.Release|x86.Build.0 = Release|Any CPU
		{C2D3E4F5-G6H7-8901-C2D3-E4F5G6H78901}.Debug|Any CPU.ActiveCfg = Debug|Any CPU
		{C2D3E4F5-G6H7-8901-C2D3-E4F5G6H78901}.Debug|Any CPU.Build.0 = Debug|Any CPU
		{C2D3E4F5-G6H7-8901-C2D3-E4F5G6H78901}.Debug|x64.ActiveCfg = Debug|Any CPU
		{C2D3E4F5-G6H7-8901-C2D3-E4F5G6H78901}.Debug|x64.Build.0 = Debug|Any CPU
		{C2D3E4F5-G6H7-8901-C2D3-E4F5G6H78901}.Debug|x86.ActiveCfg = Debug|Any CPU
		{C2D3E4F5-G6H7-8901-C2D3-E4F5G6H78901}.Debug|x86.Build.0 = Debug|Any CPU
		{C2D3E4F5-G6H7-8901-C2D3-E4F5G6H78901}.Release|Any CPU.ActiveCfg = Release|Any CPU
		{C2D3E4F5-G6H7-8901-C2D3-E4F5G6H78901}.Release|Any CPU.Build.0 = Release|Any CPU
		{C2D3E4F5-G6H7-8901-C2D3-E4F5G6H78901}.Release|x64.ActiveCfg = Release|Any CPU
		{C2D3E4F5-G6H7-8901-C2D3-E4F5G6H78901}.Release|x64.Build.0 = Release|Any CPU
		{C2D3E4F5-G6H7-8901-C2D3-E4F5G6H78901}.Release|x86.ActiveCfg = Release|Any CPU
		{C2D3E4F5-G6H7-8901-C2D3-E4F5G6H78901}.Release|x86.Build.0 = Release|Any CPU
		{D3E4F5G6-H7I8-9012-D3E4-F5G6H7I89012}.Debug|Any CPU.ActiveCfg = Debug|Any CPU
		{D3E4F5G6-H7I8-9012-D3E4-F5G6H7I89012}.Debug|Any CPU.Build.0 = Debug|Any CPU
		{D3E4F5G6-H7I8-9012-D3E4-F5G6H7I89012}.Debug|x64.ActiveCfg = Debug|Any CPU
		{D3E4F5G6-H7I8-9012-D3E4-F5G6H7I89012}.Debug|x64.Build.0 = Debug|Any CPU
		{D3E4F5G6-H7I8-9012-D3E4-F5G6H7I89012}.Debug|x86.ActiveCfg = Debug|Any CPU
		{D3E4F5G6-H7I8-9012-D3E4-F5G6H7I89012}.Debug|x86.Build.0 = Debug|Any CPU
		{D3E4F5G6-H7I8-9012-D3E4-F5G6H7I89012}.Release|Any CPU.ActiveCfg = Release|Any CPU
		{D3E4F5G6-H7I8-9012-D3E4-F5G6H7I89012}.Release|Any CPU.Build.0 = Release|Any CPU
		{D3E4F5G6-H7I8-9012-D3E4-F5G6H7I89012}.Release|x64.ActiveCfg = Release|Any CPU
		{D3E4F5G6-H7I8-9012-D3E4-F5G6H7I89012}.Release|x64.Build.0 = Release|Any CPU
		{D3E4F5G6-H7I8-9012-D3E4-F5G6H7I89012}.Release|x86.ActiveCfg = Release|Any CPU
		{D3E4F5G6-H7I8-9012-D3E4-F5G6H7I89012}.Release|x86.Build.0 = Release|Any CPU
		{E4F5G6H7-I8J9-0123-E4F5-G6H7I8J90123}.Debug|Any CPU.ActiveCfg = Debug|Any CPU
		{E4F5G6H7-I8J9-0123-E4F5-G6H7I8J90123}.Debug|Any CPU.Build.0 = Debug|Any CPU
		{E4F5G6H7-I8J9-0123-E4F5-G6H7I8J90123}.Debug|x64.ActiveCfg = Debug|Any CPU
		{E4F5G6H7-I8J9-0123-E4F5-G6H7I8J90123}.Debug|x64.Build.0 = Debug|Any CPU
		{E4F5G6H7-I8J9-0123-E4F5-G6H7I8J90123}.Debug|x86.ActiveCfg = Debug|Any CPU
		{E4F5G6H7-I8J9-0123-E4F5-G6H7I8J90123}.Debug|x86.Build.0 = Debug|Any CPU
		{E4F5G6H7-I8J9-0123-E4F5-G6H7I8J90123}.Release|Any CPU.ActiveCfg = Release|Any CPU
		{E4F5G6H7-I8J9-0123-E4F5-G6H7I8J90123}.Release|Any CPU.Build.0 = Release|Any CPU
		{E4F5G6H7-I8J9-0123-E4F5-G6H7I8J90123}.Release|x64.ActiveCfg = Release|Any CPU
		{E4F5G6H7-I8J9-0123-E4F5-G6H7I8J90123}.Release|x64.Build.0 = Release|Any CPU
		{E4F5G6H7-I8J9-0123-E4F5-G6H7I8J90123}.Release|x86.ActiveCfg = Release|Any CPU
		{E4F5G6H7-I8J9-0123-E4F5-G6H7I8J90123}.Release|x86.Build.0 = Release|Any CPU
	EndGlobalSection
	GlobalSection(SolutionProperties) = preSolution
		HideSolutionNode = FALSE
	EndGlobalSection
EndGlobal
